
Microsoft Visual Studio Solution File, Format Version 12.00
# Visual Studio Version 17
VisualStudioVersion = 17.3.32825.248
MinimumVisualStudioVersion = 10.0.40219.1
Project("{FAE04EC0-301F-11D3-BF4B-00C04F79EFBC}") = "Array_Repetition_17_Sept", "Array_Repetition_17_Sept\Array_Repetition_17_Sept.csproj", "{F4F881E4-4F33-41EF-AA77-00994BC30E2B}"
EndProject
Global
	GlobalSection(SolutionConfigurationPlatforms) = preSolution
		Debug|Any CPU = Debug|Any CPU
		Release|Any CPU = Release|Any CPU
	EndGlobalSection
	GlobalSection(ProjectConfigurationPlatforms) = postSolution
		{F4F881E4-4F33-41EF-AA77-00994BC30E2B}.Debug|Any CPU.ActiveCfg = Debug|Any CPU
		{F4F881E4-4F33-41EF-AA77-00994BC30E2B}.Debug|Any CPU.Build.0 = Debug|Any CPU
		{F4F881E4-4F33-41EF-AA77-00994BC30E2B}.Release|Any CPU.ActiveCfg = Release|Any CPU
		{F4F881E4-4F33-41EF-AA77-00994BC30E2B}.Release|Any CPU.Build.0 = Release|Any CPU
	EndGlobalSection
	GlobalSection(SolutionProperties) = preSolution
		HideSolutionNode = FALSE
	EndGlobalSection
	GlobalSection(ExtensibilityGlobals) = postSolution
		SolutionGuid = {373AF394-B5D0-4CB4-B6A4-EC086C4225B2}
	EndGlobalSection
EndGlobal
